{
  "version": 4,
  "terraform_version": "1.5.3",
  "serial": 32,
  "lineage": "a7c9228e-aed6-1ac7-dac0-ed92ff206bf1",
  "outputs": {},
  "resources": [
    {
      "mode": "data",
      "type": "google_project",
      "name": "project",
      "provider": "provider[\"registry.terraform.io/hashicorp/google\"]",
      "instances": [
        {
          "schema_version": 0,
          "attributes": {
            "auto_create_network": null,
            "billing_account": null,
            "folder_id": "",
            "id": "projects/epam-394023",
            "labels": {},
            "name": "epam",
            "number": "262700805984",
            "org_id": "419713829424",
            "project_id": "epam-394023",
            "skip_delete": null
          },
          "sensitive_attributes": []
        }
      ]
    },
    {
      "mode": "managed",
      "type": "google_container_cluster",
      "name": "cluster",
      "provider": "provider[\"registry.terraform.io/hashicorp/google-beta\"]",
      "instances": [
        {
          "schema_version": 1,
          "attributes": {
            "addons_config": [
              {
                "cloudrun_config": [],
                "config_connector_config": [],
                "dns_cache_config": [],
                "gce_persistent_disk_csi_driver_config": [
                  {
                    "enabled": true
                  }
                ],
                "gcp_filestore_csi_driver_config": [],
                "gke_backup_agent_config": [],
                "horizontal_pod_autoscaling": [],
                "http_load_balancing": [],
                "istio_config": [],
                "kalm_config": [],
                "network_policy_config": [
                  {
                    "disabled": true
                  }
                ]
              }
            ],
            "authenticator_groups_config": [],
            "binary_authorization": [
              {
                "enabled": false,
                "evaluation_mode": ""
              }
            ],
            "cluster_autoscaling": [
              {
                "auto_provisioning_defaults": [],
                "autoscaling_profile": "BALANCED",
                "enabled": false,
                "resource_limits": []
              }
            ],
            "cluster_ipv4_cidr": "10.68.0.0/14",
            "cluster_telemetry": [
              {
                "type": "ENABLED"
              }
            ],
            "confidential_nodes": [],
            "cost_management_config": [],
            "database_encryption": [
              {
                "key_name": "",
                "state": "DECRYPTED"
              }
            ],
            "datapath_provider": "",
            "default_max_pods_per_node": null,
            "default_snat_status": [
              {
                "disabled": false
              }
            ],
            "description": "",
            "dns_config": [],
            "enable_autopilot": false,
            "enable_binary_authorization": false,
            "enable_intranode_visibility": false,
            "enable_kubernetes_alpha": false,
            "enable_l4_ilb_subsetting": false,
            "enable_legacy_abac": false,
            "enable_shielded_nodes": true,
            "enable_tpu": false,
            "endpoint": "34.66.51.144",
            "gateway_api_config": [],
            "id": "projects/epam-394023/locations/us-central1-a/clusters/epam-cluster",
            "identity_service_config": [],
            "initial_node_count": 1,
            "ip_allocation_policy": [],
            "label_fingerprint": "73daef94",
            "location": "us-central1-a",
            "logging_config": [
              {
                "enable_components": [
                  "SYSTEM_COMPONENTS",
                  "WORKLOADS"
                ]
              }
            ],
            "logging_service": "logging.googleapis.com/kubernetes",
            "maintenance_policy": [],
            "master_auth": [
              {
                "client_certificate": "",
                "client_certificate_config": [
                  {
                    "issue_client_certificate": false
                  }
                ],
                "client_key": "",
                "cluster_ca_certificate": "LS0tLS1CRUdJTiBDRVJUSUZJQ0FURS0tLS0tCk1JSUVMVENDQXBXZ0F3SUJBZ0lSQUwrZWV2cHBHOUdSN2JHcTIyaEh3NG93RFFZSktvWklodmNOQVFFTEJRQXcKTHpFdE1Dc0dBMVVFQXhNa1l6TmhOMk0xT1RVdE1UUmxaaTAwTXprMkxXSmtZVE10WkRZNU56YzNNbUl6WlRWbQpNQ0FYRFRJek1EY3lOakl6TlRnME1Wb1lEekl3TlRNd056RTVNREExT0RReFdqQXZNUzB3S3dZRFZRUURFeVJqCk0yRTNZelU1TlMweE5HVm1MVFF6T1RZdFltUmhNeTFrTmprM056Y3lZak5sTldZd2dnR2lNQTBHQ1NxR1NJYjMKRFFFQkFRVUFBNElCandBd2dnR0tBb0lCZ1FEZUFCd09FMU9QMHVJZlpPR1V6bTFzNlNKY3g4SWhFVFJkUXUzVAptUk9IcmFNYzVFcGF5TE01ZERuK252L2MwTklEaERnN2RpNDZnVDlzYWlFeFZvRXp5cUcyM2N6a2VHeHRISGd5Cjlzc0UrajFESXROQ0hHeS9uRFNyaXBweEpHaldBekQ4ZmxSTGNTNE8rdUhjVDlHMlZSa1NoejNLT1puK1BkVEcKWU9JWnppZmlQNE5wSStncDk3SVBKSVFaWkFFTEsrRS8vWTZGczRrWlN4amNsQmdKd08vR2ltajJkSnRueTB2VwpSbDcyWlNpckF1NUdzR3d3eGdTdzlNWGd3cWdIZVhDcms3OTRpZjE4S0hJU1IvcUlqN3RSOVlQS1JUSlQvQVhXCjlub0NtSDMvNDRtU3E5NFN3eGdSSHBtOVhuNTFFa0tiWTlZOG1TU1d3RDA0c1VTSnh2ZDhDSEZVNWV3UEhSWEEKWmh1aVJObXNkM09qN1VjTmxpZWkxVzJNV2toUmtMdCt3VVlTSHpycU1BOFEreWpHeTBiQnFZQW5tRUNGdVdmcgpCVE0zcHRubkloalR4QUtOT0VNak5QczFUdE8ycDgzTG51UUl0ZnNNK0I3YXZQUTlzMFp6bEljTEh1Q0IzVGtpClZSSXpJS3dOVTJ4SU52dTVEQkFNM1NxOXoya0NBd0VBQWFOQ01FQXdEZ1lEVlIwUEFRSC9CQVFEQWdJRU1BOEcKQTFVZEV3RUIvd1FGTUFNQkFmOHdIUVlEVlIwT0JCWUVGSW9qN0hBcmpPWisxZ2RQbkFFMzU5Mm5IbGVRTUEwRwpDU3FHU0liM0RRRUJDd1VBQTRJQmdRQnZhMUEzY0cwY1RQeGdsLzQzY2NhcVd2Q2k5UERXQlIzOFdzemNNTVBJCkh3U2dNd2JpcFg0VUhIVXFHVzkzTUhHdE0zRmgwTkZhM2R3b2laNlVyZVZhZ2IzRnZMd3pnYUo1VUY3NUw3L3UKVDZCallnazdmM3d3eVJSYWllYXR0TExnT0VBdHJ0UFo3SWp2cWEweWdCN3JRZWVZSERRYUtnM2NGS09wNWxLNgp3U0d4T2M2TGh0K1pDbkpIcFpESThWVDdQUzVsd3RKbGV3a05HN0FmZUxvbFFYbVAzY3lLQmNRRXJmdlErNisyCjhJSG9YTGFpQWFodUZnZUJPQm9oTjNxaDBsTHFTYmRZL0NOZU5ENGNHKzZtT0syQnl6WldpK0l0Y2pqY1U2VW4KK1o1ZWxRUHpta2lhMk1VR3RIWGNTOE55T3lkTUovb0YvMTdvSXhqL0k2eHRUZXpwLzgzYXZnQUJIN0dZVUtLWQpkTjRVZjF2OTNNckVNeWJ1S2tFL1g2TzJSSzhGTVlUSEtMQzkzeTZkZDVISVVmekNkN3JCcjBBd1B4em5iVFBQClRjYy9lNHJWVjBYQk82YWtRZzhQV0dsYTd6S3h2UmpxazJrVGpOemIvUFZDcWJrdklBWkpXYW9HUGlJMG9OaGYKYzFEQnNWd0diN29NWVdyQVhrVXZJYnM9Ci0tLS0tRU5EIENFUlRJRklDQVRFLS0tLS0K"
              }
            ],
            "master_authorized_networks_config": [],
            "master_version": "1.26.5-gke.1200",
            "mesh_certificates": [],
            "min_master_version": null,
            "monitoring_config": [
              {
                "enable_components": [
                  "SYSTEM_COMPONENTS"
                ],
                "managed_prometheus": []
              }
            ],
            "monitoring_service": "monitoring.googleapis.com/kubernetes",
            "name": "epam-cluster",
            "network": "projects/epam-394023/global/networks/default",
            "network_policy": [
              {
                "enabled": false,
                "provider": "PROVIDER_UNSPECIFIED"
              }
            ],
            "networking_mode": "ROUTES",
            "node_config": [
              {
                "advanced_machine_features": [],
                "boot_disk_kms_key": "",
                "disk_size_gb": 100,
                "disk_type": "pd-balanced",
                "ephemeral_storage_config": [],
                "ephemeral_storage_local_ssd_config": [],
                "gcfs_config": [],
                "guest_accelerator": [],
                "gvnic": [],
                "image_type": "COS_CONTAINERD",
                "kubelet_config": [],
                "labels": {},
                "linux_node_config": [],
                "local_nvme_ssd_block_config": [],
                "local_ssd_count": 0,
                "logging_variant": "DEFAULT",
                "machine_type": "e2-standard-4",
                "metadata": {
                  "disable-legacy-endpoints": "true"
                },
                "min_cpu_platform": "",
                "node_group": "",
                "oauth_scopes": [
                  "https://www.googleapis.com/auth/devstorage.read_only",
                  "https://www.googleapis.com/auth/logging.write",
                  "https://www.googleapis.com/auth/monitoring",
                  "https://www.googleapis.com/auth/service.management.readonly",
                  "https://www.googleapis.com/auth/servicecontrol",
                  "https://www.googleapis.com/auth/trace.append"
                ],
                "preemptible": false,
                "reservation_affinity": [],
                "resource_labels": {},
                "sandbox_config": [],
                "service_account": "default",
                "shielded_instance_config": [
                  {
                    "enable_integrity_monitoring": true,
                    "enable_secure_boot": false
                  }
                ],
                "spot": false,
                "tags": [],
                "taint": [],
                "workload_metadata_config": [
                  {
                    "mode": "GKE_METADATA"
                  }
                ]
              }
            ],
            "node_locations": [],
            "node_pool": [
              {
                "autoscaling": [],
                "initial_node_count": 1,
                "instance_group_urls": [
                  "https://www.googleapis.com/compute/v1/projects/epam-394023/zones/us-central1-a/instanceGroupManagers/gke-epam-cluster-default-pool-2d2d497b-grp"
                ],
                "managed_instance_group_urls": [
                  "https://www.googleapis.com/compute/beta/projects/epam-394023/zones/us-central1-a/instanceGroups/gke-epam-cluster-default-pool-2d2d497b-grp"
                ],
                "management": [
                  {
                    "auto_repair": true,
                    "auto_upgrade": true
                  }
                ],
                "max_pods_per_node": 0,
                "name": "default-pool",
                "name_prefix": "",
                "network_config": [
                  {
                    "create_pod_range": false,
                    "enable_private_nodes": false,
                    "pod_ipv4_cidr_block": "",
                    "pod_range": ""
                  }
                ],
                "node_config": [
                  {
                    "advanced_machine_features": [],
                    "boot_disk_kms_key": "",
                    "disk_size_gb": 100,
                    "disk_type": "pd-balanced",
                    "ephemeral_storage_config": [],
                    "ephemeral_storage_local_ssd_config": [],
                    "gcfs_config": [],
                    "guest_accelerator": [],
                    "gvnic": [],
                    "image_type": "COS_CONTAINERD",
                    "kubelet_config": [],
                    "labels": {},
                    "linux_node_config": [],
                    "local_nvme_ssd_block_config": [],
                    "local_ssd_count": 0,
                    "logging_variant": "DEFAULT",
                    "machine_type": "e2-standard-4",
                    "metadata": {
                      "disable-legacy-endpoints": "true"
                    },
                    "min_cpu_platform": "",
                    "node_group": "",
                    "oauth_scopes": [
                      "https://www.googleapis.com/auth/devstorage.read_only",
                      "https://www.googleapis.com/auth/logging.write",
                      "https://www.googleapis.com/auth/monitoring",
                      "https://www.googleapis.com/auth/service.management.readonly",
                      "https://www.googleapis.com/auth/servicecontrol",
                      "https://www.googleapis.com/auth/trace.append"
                    ],
                    "preemptible": false,
                    "reservation_affinity": [],
                    "resource_labels": {},
                    "sandbox_config": [],
                    "service_account": "default",
                    "shielded_instance_config": [
                      {
                        "enable_integrity_monitoring": true,
                        "enable_secure_boot": false
                      }
                    ],
                    "spot": false,
                    "tags": [],
                    "taint": [],
                    "workload_metadata_config": [
                      {
                        "mode": "GKE_METADATA"
                      }
                    ]
                  }
                ],
                "node_count": 1,
                "node_locations": [
                  "us-central1-a"
                ],
                "placement_policy": [],
                "upgrade_settings": [
                  {
                    "blue_green_settings": [],
                    "max_surge": 1,
                    "max_unavailable": 0,
                    "strategy": "SURGE"
                  }
                ],
                "version": "1.26.5-gke.1200"
              }
            ],
            "node_pool_auto_config": [
              {
                "network_tags": []
              }
            ],
            "node_pool_defaults": [
              {
                "node_config_defaults": [
                  {
                    "gcfs_config": [],
                    "logging_variant": "DEFAULT"
                  }
                ]
              }
            ],
            "node_version": "1.26.5-gke.1200",
            "notification_config": [
              {
                "pubsub": [
                  {
                    "enabled": false,
                    "filter": [],
                    "topic": ""
                  }
                ]
              }
            ],
            "operation": null,
            "pod_security_policy_config": [
              {
                "enabled": false
              }
            ],
            "private_cluster_config": [
              {
                "enable_private_endpoint": false,
                "enable_private_nodes": false,
                "master_global_access_config": [
                  {
                    "enabled": false
                  }
                ],
                "master_ipv4_cidr_block": "",
                "peering_name": "",
                "private_endpoint": "10.128.0.2",
                "private_endpoint_subnetwork": "",
                "public_endpoint": "34.66.51.144"
              }
            ],
            "private_ipv6_google_access": "",
            "project": "epam-394023",
            "protect_config": [
              {
                "workload_config": [
                  {
                    "audit_mode": "MODE_UNSPECIFIED"
                  }
                ],
                "workload_vulnerability_mode": "WORKLOAD_VULNERABILITY_MODE_UNSPECIFIED"
              }
            ],
            "release_channel": [
              {
                "channel": "REGULAR"
              }
            ],
            "remove_default_node_pool": null,
            "resource_labels": {
              "epam": "1"
            },
            "resource_usage_export_config": [],
            "self_link": "https://container.googleapis.com/v1beta1/projects/epam-394023/zones/us-central1-a/clusters/epam-cluster",
            "service_external_ips_config": [
              {
                "enabled": false
              }
            ],
            "services_ipv4_cidr": "10.71.240.0/20",
            "subnetwork": "projects/epam-394023/regions/us-central1/subnetworks/default",
            "timeouts": null,
            "tpu_config": [],
            "tpu_ipv4_cidr_block": "",
            "vertical_pod_autoscaling": [],
            "workload_identity_config": [
              {
                "workload_pool": "epam-394023.svc.id.goog"
              }
            ]
          },
          "sensitive_attributes": [],
          "private": "eyJlMmJmYjczMC1lY2FhLTExZTYtOGY4OC0zNDM2M2JjN2M0YzAiOnsiY3JlYXRlIjoyNDAwMDAwMDAwMDAwLCJkZWxldGUiOjI0MDAwMDAwMDAwMDAsInJlYWQiOjI0MDAwMDAwMDAwMDAsInVwZGF0ZSI6MzYwMDAwMDAwMDAwMH0sInNjaGVtYV92ZXJzaW9uIjoiMSJ9",
          "dependencies": [
            "data.google_project.project"
          ]
        }
      ]
    },
    {
      "mode": "managed",
      "type": "google_container_cluster",
      "name": "cluster2",
      "provider": "provider[\"registry.terraform.io/hashicorp/google-beta\"]",
      "instances": [
        {
          "schema_version": 1,
          "attributes": {
            "addons_config": [
              {
                "cloudrun_config": [],
                "config_connector_config": [],
                "dns_cache_config": [],
                "gce_persistent_disk_csi_driver_config": [
                  {
                    "enabled": true
                  }
                ],
                "gcp_filestore_csi_driver_config": [],
                "gke_backup_agent_config": [],
                "horizontal_pod_autoscaling": [],
                "http_load_balancing": [],
                "istio_config": [],
                "kalm_config": [],
                "network_policy_config": [
                  {
                    "disabled": true
                  }
                ]
              }
            ],
            "authenticator_groups_config": [],
            "binary_authorization": [
              {
                "enabled": false,
                "evaluation_mode": ""
              }
            ],
            "cluster_autoscaling": [
              {
                "auto_provisioning_defaults": [],
                "autoscaling_profile": "BALANCED",
                "enabled": false,
                "resource_limits": []
              }
            ],
            "cluster_ipv4_cidr": "10.0.0.0/14",
            "cluster_telemetry": [
              {
                "type": "ENABLED"
              }
            ],
            "confidential_nodes": [],
            "cost_management_config": [],
            "database_encryption": [
              {
                "key_name": "",
                "state": "DECRYPTED"
              }
            ],
            "datapath_provider": "",
            "default_max_pods_per_node": null,
            "default_snat_status": [
              {
                "disabled": false
              }
            ],
            "description": "",
            "dns_config": [],
            "enable_autopilot": false,
            "enable_binary_authorization": false,
            "enable_intranode_visibility": false,
            "enable_kubernetes_alpha": false,
            "enable_l4_ilb_subsetting": false,
            "enable_legacy_abac": false,
            "enable_shielded_nodes": true,
            "enable_tpu": false,
            "endpoint": "35.232.7.123",
            "gateway_api_config": [],
            "id": "projects/epam-394023/locations/us-central1-a/clusters/epam-cluster2",
            "identity_service_config": [],
            "initial_node_count": 1,
            "ip_allocation_policy": [],
            "label_fingerprint": "73daef94",
            "location": "us-central1-a",
            "logging_config": [
              {
                "enable_components": [
                  "SYSTEM_COMPONENTS",
                  "WORKLOADS"
                ]
              }
            ],
            "logging_service": "logging.googleapis.com/kubernetes",
            "maintenance_policy": [],
            "master_auth": [
              {
                "client_certificate": "",
                "client_certificate_config": [
                  {
                    "issue_client_certificate": false
                  }
                ],
                "client_key": "",
                "cluster_ca_certificate": "LS0tLS1CRUdJTiBDRVJUSUZJQ0FURS0tLS0tCk1JSUVMVENDQXBXZ0F3SUJBZ0lSQU9oWFY4aElnQmwwamlMcytBNStKaTR3RFFZSktvWklodmNOQVFFTEJRQXcKTHpFdE1Dc0dBMVVFQXhNa1lXUmpOVEpqTXpjdE0ySTVaUzAwTUdNM0xUZ3daR0l0WVROak1EWXdPV1EwTldVdwpNQ0FYRFRJek1EY3lOekF3TlRZek5Gb1lEekl3TlRNd056RTVNREUxTmpNMFdqQXZNUzB3S3dZRFZRUURFeVJoClpHTTFNbU16TnkwellqbGxMVFF3WXpjdE9EQmtZaTFoTTJNd05qQTVaRFExWlRBd2dnR2lNQTBHQ1NxR1NJYjMKRFFFQkFRVUFBNElCandBd2dnR0tBb0lCZ1FEQURqMjBxNnV4TFJ0THFMejh0Szc2V1ZYYk9UMTRzMTFoTnZBMwptNlZsQXFFZ2dGaDZvVUR0d0hGSWFXTk1mL1ppQ2NyN1p1TGlFSU9CK3YwZHdXZnZrSWV6c2ZZSTFPMXRPMi9FCmpiTGczQmM5U0RnL3pnSG9WSnNrSENxc2FyalQ2U2Y3SWR3Sk1kaFhaQUgrbGJieU5HTW45QWFLblNIOEdHeTYKUjFsUlpwQW50NjBLTnpJaHZ0dGpCaFBuTi9BTmZLTnhJdGxEcEtLeVZPUFFiVE52dmovRHF2ZzYrSEljM3VzRwpYWGRGbTRMYWxTZ2RJTG9xd2RwbHovUWZRUHU1QnhTNnpKcFNUZ0dETG5wWkltbUtWb1Q3RFRSWURad3N1WVN1CmxaVFZyYTFyYkRqZTJabHhKR3YvSFAwNTFnUXB5N0V2WkpUNHJrdG5MZUxzMnRoUFZ6bmVRYkV4ZFFaSDhoN00KNVZaNzJTbGRNNkNFQUxROHJDY1RockJINWx5YjNKUkliR09lNFVmdE9EdWtSZmZ1TERRRCtaNU9mdXFBaVIxQgprRlpmWnlpWWxCMEpoUHRtVHBWRi94dWxaRTNUMFgyUitqSXNaWlJiYTVwTWpNajdXcVNzNTBYU2ZOVVRsMlgyCk1Md1dCd2VzZzhwOVhQWWtqbHZZSG84VW1VTUNBd0VBQWFOQ01FQXdEZ1lEVlIwUEFRSC9CQVFEQWdJRU1BOEcKQTFVZEV3RUIvd1FGTUFNQkFmOHdIUVlEVlIwT0JCWUVGSzlaZDBBcmh4Tzh1aGQyNHF3L2tTbmRpV1czTUEwRwpDU3FHU0liM0RRRUJDd1VBQTRJQmdRQnN1K3RTWVpHeFZyZndjaldjNTl0dXE3NU5xaE01WmRFOGpXN3MxckQxClRwMFhxZVF3QWd4N1FLM1RzeUtHcGYvMFpweVp6cVB0TlA3OWYzQlVmdlQzbEJ0dVl5N3l5amNZRFVqMy9TQkoKSndUcWVDQ0h5aVU5bmlIREt6UFZ4bWdpY09WT0FQM0drK2YxWk91d24zQmdmd1RnYjE1NGxsWDVmVW9qam40bwo4Vks2OFpKN1M2ZXJOR3NDeDVVRmp3K2EwUHNzOTlkVzlaV05GUEFLR3FPZ1RRalhtNnlEaUZoakV1dTZGYVowCncwR0ZYVndFYTZHZktlaFFaSjF4am5nUWRJSitmUGN5dGhBZG9PZUYrNTUwWVJqUHZKVGVqR2VqWWZtSG02MHgKdTlCMzZ0bDA4S3haSkZCK2tKSUtPc2ZIMnNmNk5McnZRZlZzaW5XL1gzVVZ0UFFWVTg1YXBxQjJnc0t5Z2tVUgpDV3U0TmpOWXJhTm5KZHJncWpmd3dkOFZTT0p0YkJDUDh1QVJtY0p5R1VBVWVTUEF3NFplZjBrYW5keVVLZ1BDCm12bnROZ3IzeWxzZzlpVWhINGphTzVyZzFZc0FwUGE1WnNYSXUzaUx5a1h0V05oUm9IZEZNRllrQUx2RWYyYVYKS3dOemJvazVFdDZaRkVraGFHWGZLNWs9Ci0tLS0tRU5EIENFUlRJRklDQVRFLS0tLS0K"
              }
            ],
            "master_authorized_networks_config": [],
            "master_version": "1.26.5-gke.1200",
            "mesh_certificates": [],
            "min_master_version": null,
            "monitoring_config": [
              {
                "enable_components": [
                  "SYSTEM_COMPONENTS"
                ],
                "managed_prometheus": []
              }
            ],
            "monitoring_service": "monitoring.googleapis.com/kubernetes",
            "name": "epam-cluster2",
            "network": "projects/epam-394023/global/networks/default",
            "network_policy": [
              {
                "enabled": false,
                "provider": "PROVIDER_UNSPECIFIED"
              }
            ],
            "networking_mode": "ROUTES",
            "node_config": [
              {
                "advanced_machine_features": [],
                "boot_disk_kms_key": "",
                "disk_size_gb": 100,
                "disk_type": "pd-balanced",
                "ephemeral_storage_config": [],
                "ephemeral_storage_local_ssd_config": [],
                "gcfs_config": [],
                "guest_accelerator": [],
                "gvnic": [],
                "image_type": "COS_CONTAINERD",
                "kubelet_config": [],
                "labels": {},
                "linux_node_config": [],
                "local_nvme_ssd_block_config": [],
                "local_ssd_count": 0,
                "logging_variant": "DEFAULT",
                "machine_type": "e2-standard-4",
                "metadata": {
                  "disable-legacy-endpoints": "true"
                },
                "min_cpu_platform": "",
                "node_group": "",
                "oauth_scopes": [
                  "https://www.googleapis.com/auth/devstorage.read_only",
                  "https://www.googleapis.com/auth/logging.write",
                  "https://www.googleapis.com/auth/monitoring",
                  "https://www.googleapis.com/auth/service.management.readonly",
                  "https://www.googleapis.com/auth/servicecontrol",
                  "https://www.googleapis.com/auth/trace.append"
                ],
                "preemptible": false,
                "reservation_affinity": [],
                "resource_labels": null,
                "sandbox_config": [],
                "service_account": "default",
                "shielded_instance_config": [
                  {
                    "enable_integrity_monitoring": true,
                    "enable_secure_boot": false
                  }
                ],
                "spot": false,
                "tags": null,
                "taint": [],
                "workload_metadata_config": [
                  {
                    "mode": "GKE_METADATA"
                  }
                ]
              }
            ],
            "node_locations": [],
            "node_pool": [
              {
                "autoscaling": [],
                "initial_node_count": 1,
                "instance_group_urls": [
                  "https://www.googleapis.com/compute/v1/projects/epam-394023/zones/us-central1-a/instanceGroupManagers/gke-epam-cluster2-default-pool-8b836e1a-grp"
                ],
                "managed_instance_group_urls": [
                  "https://www.googleapis.com/compute/beta/projects/epam-394023/zones/us-central1-a/instanceGroups/gke-epam-cluster2-default-pool-8b836e1a-grp"
                ],
                "management": [
                  {
                    "auto_repair": true,
                    "auto_upgrade": true
                  }
                ],
                "max_pods_per_node": 0,
                "name": "default-pool",
                "name_prefix": "",
                "network_config": [
                  {
                    "create_pod_range": false,
                    "enable_private_nodes": false,
                    "pod_ipv4_cidr_block": "",
                    "pod_range": ""
                  }
                ],
                "node_config": [
                  {
                    "advanced_machine_features": [],
                    "boot_disk_kms_key": "",
                    "disk_size_gb": 100,
                    "disk_type": "pd-balanced",
                    "ephemeral_storage_config": [],
                    "ephemeral_storage_local_ssd_config": [],
                    "gcfs_config": [],
                    "guest_accelerator": [],
                    "gvnic": [],
                    "image_type": "COS_CONTAINERD",
                    "kubelet_config": [],
                    "labels": {},
                    "linux_node_config": [],
                    "local_nvme_ssd_block_config": [],
                    "local_ssd_count": 0,
                    "logging_variant": "DEFAULT",
                    "machine_type": "e2-standard-4",
                    "metadata": {
                      "disable-legacy-endpoints": "true"
                    },
                    "min_cpu_platform": "",
                    "node_group": "",
                    "oauth_scopes": [
                      "https://www.googleapis.com/auth/devstorage.read_only",
                      "https://www.googleapis.com/auth/logging.write",
                      "https://www.googleapis.com/auth/monitoring",
                      "https://www.googleapis.com/auth/service.management.readonly",
                      "https://www.googleapis.com/auth/servicecontrol",
                      "https://www.googleapis.com/auth/trace.append"
                    ],
                    "preemptible": false,
                    "reservation_affinity": [],
                    "resource_labels": {},
                    "sandbox_config": [],
                    "service_account": "default",
                    "shielded_instance_config": [
                      {
                        "enable_integrity_monitoring": true,
                        "enable_secure_boot": false
                      }
                    ],
                    "spot": false,
                    "tags": [],
                    "taint": [],
                    "workload_metadata_config": [
                      {
                        "mode": "GKE_METADATA"
                      }
                    ]
                  }
                ],
                "node_count": 1,
                "node_locations": [
                  "us-central1-a"
                ],
                "placement_policy": [],
                "upgrade_settings": [
                  {
                    "blue_green_settings": [],
                    "max_surge": 1,
                    "max_unavailable": 0,
                    "strategy": "SURGE"
                  }
                ],
                "version": "1.26.5-gke.1200"
              }
            ],
            "node_pool_auto_config": [
              {
                "network_tags": null
              }
            ],
            "node_pool_defaults": [
              {
                "node_config_defaults": [
                  {
                    "gcfs_config": [],
                    "logging_variant": "DEFAULT"
                  }
                ]
              }
            ],
            "node_version": "1.26.5-gke.1200",
            "notification_config": [
              {
                "pubsub": [
                  {
                    "enabled": false,
                    "filter": [],
                    "topic": ""
                  }
                ]
              }
            ],
            "operation": null,
            "pod_security_policy_config": [
              {
                "enabled": false
              }
            ],
            "private_cluster_config": [
              {
                "enable_private_endpoint": false,
                "enable_private_nodes": false,
                "master_global_access_config": [
                  {
                    "enabled": false
                  }
                ],
                "master_ipv4_cidr_block": "",
                "peering_name": "",
                "private_endpoint": "10.128.0.4",
                "private_endpoint_subnetwork": "",
                "public_endpoint": "35.232.7.123"
              }
            ],
            "private_ipv6_google_access": "",
            "project": "epam-394023",
            "protect_config": [
              {
                "workload_config": [
                  {
                    "audit_mode": "MODE_UNSPECIFIED"
                  }
                ],
                "workload_vulnerability_mode": "WORKLOAD_VULNERABILITY_MODE_UNSPECIFIED"
              }
            ],
            "release_channel": [
              {
                "channel": "REGULAR"
              }
            ],
            "remove_default_node_pool": null,
            "resource_labels": {
              "epam": "1"
            },
            "resource_usage_export_config": [],
            "self_link": "https://container.googleapis.com/v1beta1/projects/epam-394023/zones/us-central1-a/clusters/epam-cluster2",
            "service_external_ips_config": [
              {
                "enabled": false
              }
            ],
            "services_ipv4_cidr": "10.3.240.0/20",
            "subnetwork": "projects/epam-394023/regions/us-central1/subnetworks/default",
            "timeouts": null,
            "tpu_config": null,
            "tpu_ipv4_cidr_block": "",
            "vertical_pod_autoscaling": [],
            "workload_identity_config": [
              {
                "workload_pool": "epam-394023.svc.id.goog"
              }
            ]
          },
          "sensitive_attributes": [],
          "private": "eyJlMmJmYjczMC1lY2FhLTExZTYtOGY4OC0zNDM2M2JjN2M0YzAiOnsiY3JlYXRlIjoyNDAwMDAwMDAwMDAwLCJkZWxldGUiOjI0MDAwMDAwMDAwMDAsInJlYWQiOjI0MDAwMDAwMDAwMDAsInVwZGF0ZSI6MzYwMDAwMDAwMDAwMH0sInNjaGVtYV92ZXJzaW9uIjoiMSJ9",
          "dependencies": [
            "data.google_project.project"
          ]
        }
      ]
    },
    {
      "mode": "managed",
      "type": "google_gke_hub_feature",
      "name": "configmanagement_acm_feature",
      "provider": "provider[\"registry.terraform.io/hashicorp/google-beta\"]",
      "instances": [
        {
          "schema_version": 0,
          "attributes": {
            "create_time": "2023-07-27T00:55:11.626694899Z",
            "delete_time": "",
            "id": "projects/epam-394023/locations/global/features/configmanagement",
            "labels": {},
            "location": "global",
            "name": "configmanagement",
            "project": "epam-394023",
            "resource_state": [
              {
                "has_resources": false,
                "state": "ACTIVE"
              }
            ],
            "spec": [],
            "state": [],
            "timeouts": null,
            "update_time": "2023-07-27T01:56:25.866223575Z"
          },
          "sensitive_attributes": [],
          "private": "eyJlMmJmYjczMC1lY2FhLTExZTYtOGY4OC0zNDM2M2JjN2M0YzAiOnsiY3JlYXRlIjoxMjAwMDAwMDAwMDAwLCJkZWxldGUiOjEyMDAwMDAwMDAwMDAsInVwZGF0ZSI6MTIwMDAwMDAwMDAwMH19"
        }
      ]
    },
    {
      "mode": "managed",
      "type": "google_gke_hub_feature_membership",
      "name": "feature_member",
      "provider": "provider[\"registry.terraform.io/hashicorp/google-beta\"]",
      "instances": [
        {
          "schema_version": 0,
          "attributes": {
            "configmanagement": [
              {
                "binauthz": [],
                "config_sync": [
                  {
                    "git": [
                      {
                        "gcp_service_account_email": "",
                        "https_proxy": "",
                        "policy_dir": "config",
                        "secret_type": "none",
                        "sync_branch": "main",
                        "sync_repo": "https://github.com/ypenn21/anthos-config-manage.git",
                        "sync_rev": "",
                        "sync_wait_secs": ""
                      }
                    ],
                    "oci": [],
                    "prevent_drift": false,
                    "source_format": "hierarchy"
                  }
                ],
                "hierarchy_controller": [],
                "policy_controller": [
                  {
                    "audit_interval_seconds": "",
                    "enabled": true,
                    "exemptable_namespaces": [],
                    "log_denies_enabled": false,
                    "monitoring": [
                      {
                        "backends": [
                          "PROMETHEUS",
                          "CLOUD_MONITORING"
                        ]
                      }
                    ],
                    "mutation_enabled": false,
                    "referential_rules_enabled": true,
                    "template_library_installed": true
                  }
                ],
                "version": "1.15.2"
              }
            ],
            "feature": "configmanagement",
            "id": "projects/epam-394023/locations/global/features/configmanagement/membershipId/epam-member",
            "location": "global",
            "membership": "epam-member",
            "mesh": [],
            "project": "epam-394023",
            "timeouts": null
          },
          "sensitive_attributes": [],
          "private": "eyJlMmJmYjczMC1lY2FhLTExZTYtOGY4OC0zNDM2M2JjN2M0YzAiOnsiY3JlYXRlIjoxMjAwMDAwMDAwMDAwLCJkZWxldGUiOjEyMDAwMDAwMDAwMDAsInVwZGF0ZSI6MTIwMDAwMDAwMDAwMH19",
          "dependencies": [
            "data.google_project.project",
            "google_container_cluster.cluster",
            "google_gke_hub_feature.configmanagement_acm_feature",
            "google_gke_hub_membership.membership"
          ]
        }
      ]
    },
    {
      "mode": "managed",
      "type": "google_gke_hub_feature_membership",
      "name": "feature_member2",
      "provider": "provider[\"registry.terraform.io/hashicorp/google-beta\"]",
      "instances": [
        {
          "schema_version": 0,
          "attributes": {
            "configmanagement": [
              {
                "binauthz": [],
                "config_sync": [
                  {
                    "git": [
                      {
                        "gcp_service_account_email": "",
                        "https_proxy": "",
                        "policy_dir": "config",
                        "secret_type": "none",
                        "sync_branch": "main",
                        "sync_repo": "https://github.com/ypenn21/anthos-config-manage.git",
                        "sync_rev": "",
                        "sync_wait_secs": ""
                      }
                    ],
                    "oci": [],
                    "prevent_drift": false,
                    "source_format": "hierarchy"
                  }
                ],
                "hierarchy_controller": [],
                "policy_controller": [
                  {
                    "audit_interval_seconds": "",
                    "enabled": true,
                    "exemptable_namespaces": null,
                    "log_denies_enabled": false,
                    "monitoring": [
                      {
                        "backends": [
                          "PROMETHEUS",
                          "CLOUD_MONITORING"
                        ]
                      }
                    ],
                    "mutation_enabled": false,
                    "referential_rules_enabled": true,
                    "template_library_installed": true
                  }
                ],
                "version": "1.15.2"
              }
            ],
            "feature": "configmanagement",
            "id": "projects/epam-394023/locations/global/features/configmanagement/membershipId/epam-member2",
            "location": "global",
            "membership": "epam-member2",
            "mesh": [],
            "project": "epam-394023",
            "timeouts": null
          },
          "sensitive_attributes": [],
          "private": "eyJlMmJmYjczMC1lY2FhLTExZTYtOGY4OC0zNDM2M2JjN2M0YzAiOnsiY3JlYXRlIjoxMjAwMDAwMDAwMDAwLCJkZWxldGUiOjEyMDAwMDAwMDAwMDAsInVwZGF0ZSI6MTIwMDAwMDAwMDAwMH19",
          "dependencies": [
            "data.google_project.project",
            "google_container_cluster.cluster2",
            "google_gke_hub_feature.configmanagement_acm_feature",
            "google_gke_hub_membership.membership2"
          ]
        }
      ]
    },
    {
      "mode": "managed",
      "type": "google_gke_hub_membership",
      "name": "membership",
      "provider": "provider[\"registry.terraform.io/hashicorp/google-beta\"]",
      "instances": [
        {
          "schema_version": 0,
          "attributes": {
            "authority": [],
            "description": "",
            "endpoint": [
              {
                "gke_cluster": [
                  {
                    "resource_link": "//container.googleapis.com/projects/epam-394023/locations/us-central1-a/clusters/epam-cluster"
                  }
                ]
              }
            ],
            "id": "projects/epam-394023/locations/global/memberships/epam-member",
            "labels": {},
            "membership_id": "epam-member",
            "name": "projects/epam-394023/locations/global/memberships/epam-member",
            "project": "epam-394023",
            "timeouts": null
          },
          "sensitive_attributes": [],
          "private": "eyJlMmJmYjczMC1lY2FhLTExZTYtOGY4OC0zNDM2M2JjN2M0YzAiOnsiY3JlYXRlIjoxMjAwMDAwMDAwMDAwLCJkZWxldGUiOjEyMDAwMDAwMDAwMDAsInVwZGF0ZSI6MTIwMDAwMDAwMDAwMH19",
          "dependencies": [
            "data.google_project.project",
            "google_container_cluster.cluster"
          ]
        }
      ]
    },
    {
      "mode": "managed",
      "type": "google_gke_hub_membership",
      "name": "membership2",
      "provider": "provider[\"registry.terraform.io/hashicorp/google-beta\"]",
      "instances": [
        {
          "schema_version": 0,
          "attributes": {
            "authority": [],
            "description": "",
            "endpoint": [
              {
                "gke_cluster": [
                  {
                    "resource_link": "//container.googleapis.com/projects/epam-394023/locations/us-central1-a/clusters/epam-cluster2"
                  }
                ]
              }
            ],
            "id": "projects/epam-394023/locations/global/memberships/epam-member2",
            "labels": null,
            "membership_id": "epam-member2",
            "name": "projects/epam-394023/locations/global/memberships/epam-member2",
            "project": "epam-394023",
            "timeouts": null
          },
          "sensitive_attributes": [],
          "private": "eyJlMmJmYjczMC1lY2FhLTExZTYtOGY4OC0zNDM2M2JjN2M0YzAiOnsiY3JlYXRlIjoxMjAwMDAwMDAwMDAwLCJkZWxldGUiOjEyMDAwMDAwMDAwMDAsInVwZGF0ZSI6MTIwMDAwMDAwMDAwMH19",
          "dependencies": [
            "data.google_project.project",
            "google_container_cluster.cluster2"
          ]
        }
      ]
    }
  ],
  "check_results": null
}
